// !$*UTF8*$!
{
	archiveVersion = 1;
	classes = {
	};
	objectVersion = 56;
	objects = {

/* Begin PBXBuildFile section */
		CC5A083F2AF82E3B00A0F514 /* FAQ.swift in Sources */ = {isa = PBXBuildFile; fileRef = CC5A083E2AF82E3B00A0F514 /* FAQ.swift */; };
		CC5A08422AF82ED800A0F514 /* faqData.json in Resources */ = {isa = PBXBuildFile; fileRef = CC5A08412AF82ED800A0F514 /* faqData.json */; };
		CC5A08442AF8303400A0F514 /* ModelData.swift in Sources */ = {isa = PBXBuildFile; fileRef = CC5A08432AF8303400A0F514 /* ModelData.swift */; };
		CC5A08462AF8331A00A0F514 /* FAQRow.swift in Sources */ = {isa = PBXBuildFile; fileRef = CC5A08452AF8331A00A0F514 /* FAQRow.swift */; };
		CC7D744E2ACCCDBE004D97D8 /* FAQView.swift in Sources */ = {isa = PBXBuildFile; fileRef = CC7D744D2ACCCDBE004D97D8 /* FAQView.swift */; };
		CC7D74502ACCCDCE004D97D8 /* PackagesView.swift in Sources */ = {isa = PBXBuildFile; fileRef = CC7D744F2ACCCDCE004D97D8 /* PackagesView.swift */; };
		CCB4FF362ADDA75400C1007B /* Package.swift in Sources */ = {isa = PBXBuildFile; fileRef = CCB4FF352ADDA75400C1007B /* Package.swift */; };
		CCB4FF3A2ADDA83100C1007B /* PackageRow.swift in Sources */ = {isa = PBXBuildFile; fileRef = CCB4FF392ADDA83100C1007B /* PackageRow.swift */; };
		CCB651CF2AC8F6330038B586 /* SwiftUICombineAndDataApp.swift in Sources */ = {isa = PBXBuildFile; fileRef = CCB651CE2AC8F6330038B586 /* SwiftUICombineAndDataApp.swift */; };
		CCB651D12AC8F6330038B586 /* ContentView.swift in Sources */ = {isa = PBXBuildFile; fileRef = CCB651D02AC8F6330038B586 /* ContentView.swift */; };
		CCB651D32AC8F6350038B586 /* Assets.xcassets in Resources */ = {isa = PBXBuildFile; fileRef = CCB651D22AC8F6350038B586 /* Assets.xcassets */; };
		CCB651D62AC8F6350038B586 /* Preview Assets.xcassets in Resources */ = {isa = PBXBuildFile; fileRef = CCB651D52AC8F6350038B586 /* Preview Assets.xcassets */; };
		CCB651DF2AC8F9240038B586 /* AccountBackground.swift in Sources */ = {isa = PBXBuildFile; fileRef = CCB651DD2AC8F9240038B586 /* AccountBackground.swift */; };
		CCB651E02AC8F9240038B586 /* VisualEffectBlur.swift in Sources */ = {isa = PBXBuildFile; fileRef = CCB651DE2AC8F9240038B586 /* VisualEffectBlur.swift */; };
		CCB651E22AC903850038B586 /* TrackableScrollView.swift in Sources */ = {isa = PBXBuildFile; fileRef = CCB651E12AC903850038B586 /* TrackableScrollView.swift */; };
		CCB651E42AC90E6A0038B586 /* MenuRow.swift in Sources */ = {isa = PBXBuildFile; fileRef = CCB651E32AC90E6A0038B586 /* MenuRow.swift */; };
		CCB651E62AC90FBF0038B586 /* GradientIcon.swift in Sources */ = {isa = PBXBuildFile; fileRef = CCB651E52AC90FBF0038B586 /* GradientIcon.swift */; };
/* End PBXBuildFile section */

/* Begin PBXFileReference section */
		CC5A083E2AF82E3B00A0F514 /* FAQ.swift */ = {isa = PBXFileReference; lastKnownFileType = sourcecode.swift; path = FAQ.swift; sourceTree = "<group>"; };
		CC5A08412AF82ED800A0F514 /* faqData.json */ = {isa = PBXFileReference; lastKnownFileType = text.json; path = faqData.json; sourceTree = "<group>"; };
		CC5A08432AF8303400A0F514 /* ModelData.swift */ = {isa = PBXFileReference; lastKnownFileType = sourcecode.swift; path = ModelData.swift; sourceTree = "<group>"; };
		CC5A08452AF8331A00A0F514 /* FAQRow.swift */ = {isa = PBXFileReference; lastKnownFileType = sourcecode.swift; path = FAQRow.swift; sourceTree = "<group>"; };
		CC7D744D2ACCCDBE004D97D8 /* FAQView.swift */ = {isa = PBXFileReference; lastKnownFileType = sourcecode.swift; path = FAQView.swift; sourceTree = "<group>"; };
		CC7D744F2ACCCDCE004D97D8 /* PackagesView.swift */ = {isa = PBXFileReference; lastKnownFileType = sourcecode.swift; path = PackagesView.swift; sourceTree = "<group>"; };
		CCB4FF352ADDA75400C1007B /* Package.swift */ = {isa = PBXFileReference; lastKnownFileType = sourcecode.swift; path = Package.swift; sourceTree = "<group>"; };
		CCB4FF392ADDA83100C1007B /* PackageRow.swift */ = {isa = PBXFileReference; lastKnownFileType = sourcecode.swift; path = PackageRow.swift; sourceTree = "<group>"; };
		CCB651CB2AC8F6330038B586 /* SwiftUICombineAndData.app */ = {isa = PBXFileReference; explicitFileType = wrapper.application; includeInIndex = 0; path = SwiftUICombineAndData.app; sourceTree = BUILT_PRODUCTS_DIR; };
		CCB651CE2AC8F6330038B586 /* SwiftUICombineAndDataApp.swift */ = {isa = PBXFileReference; lastKnownFileType = sourcecode.swift; path = SwiftUICombineAndDataApp.swift; sourceTree = "<group>"; };
		CCB651D02AC8F6330038B586 /* ContentView.swift */ = {isa = PBXFileReference; lastKnownFileType = sourcecode.swift; path = ContentView.swift; sourceTree = "<group>"; };
		CCB651D22AC8F6350038B586 /* Assets.xcassets */ = {isa = PBXFileReference; lastKnownFileType = folder.assetcatalog; path = Assets.xcassets; sourceTree = "<group>"; };
		CCB651D52AC8F6350038B586 /* Preview Assets.xcassets */ = {isa = PBXFileReference; lastKnownFileType = folder.assetcatalog; path = "Preview Assets.xcassets"; sourceTree = "<group>"; };
		CCB651DD2AC8F9240038B586 /* AccountBackground.swift */ = {isa = PBXFileReference; fileEncoding = 4; lastKnownFileType = sourcecode.swift; path = AccountBackground.swift; sourceTree = "<group>"; };
		CCB651DE2AC8F9240038B586 /* VisualEffectBlur.swift */ = {isa = PBXFileReference; fileEncoding = 4; lastKnownFileType = sourcecode.swift; path = VisualEffectBlur.swift; sourceTree = "<group>"; };
		CCB651E12AC903850038B586 /* TrackableScrollView.swift */ = {isa = PBXFileReference; lastKnownFileType = sourcecode.swift; path = TrackableScrollView.swift; sourceTree = "<group>"; };
		CCB651E32AC90E6A0038B586 /* MenuRow.swift */ = {isa = PBXFileReference; lastKnownFileType = sourcecode.swift; path = MenuRow.swift; sourceTree = "<group>"; };
		CCB651E52AC90FBF0038B586 /* GradientIcon.swift */ = {isa = PBXFileReference; lastKnownFileType = sourcecode.swift; path = GradientIcon.swift; sourceTree = "<group>"; };
/* End PBXFileReference section */

/* Begin PBXFrameworksBuildPhase section */
		CCB651C82AC8F6330038B586 /* Frameworks */ = {
			isa = PBXFrameworksBuildPhase;
			buildActionMask = 2147483647;
			files = (
			);
			runOnlyForDeploymentPostprocessing = 0;
		};
/* End PBXFrameworksBuildPhase section */

/* Begin PBXGroup section */
		CC5A08402AF82EA800A0F514 /* Resources */ = {
			isa = PBXGroup;
			children = (
				CC5A08412AF82ED800A0F514 /* faqData.json */,
			);
			path = Resources;
			sourceTree = "<group>";
		};
		CC7D74512ACCCDDD004D97D8 /* Views */ = {
			isa = PBXGroup;
			children = (
				CC7D744F2ACCCDCE004D97D8 /* PackagesView.swift */,
				CC7D744D2ACCCDBE004D97D8 /* FAQView.swift */,
			);
			path = Views;
			sourceTree = "<group>";
		};
		CC7D74522ACCCDE8004D97D8 /* Rows */ = {
			isa = PBXGroup;
			children = (
				CCB651E32AC90E6A0038B586 /* MenuRow.swift */,
				CCB4FF392ADDA83100C1007B /* PackageRow.swift */,
				CC5A08452AF8331A00A0F514 /* FAQRow.swift */,
			);
			path = Rows;
			sourceTree = "<group>";
		};
		CC7D74532ACCCDF7004D97D8 /* Other */ = {
			isa = PBXGroup;
			children = (
				CCB651E52AC90FBF0038B586 /* GradientIcon.swift */,
			);
			path = Other;
			sourceTree = "<group>";
		};
		CC7D74542ACCCDFF004D97D8 /* Components */ = {
			isa = PBXGroup;
			children = (
				CC7D74532ACCCDF7004D97D8 /* Other */,
				CC7D74522ACCCDE8004D97D8 /* Rows */,
			);
			path = Components;
			sourceTree = "<group>";
		};
		CC7D74552ACCCE11004D97D8 /* Utils */ = {
			isa = PBXGroup;
			children = (
				CCB651E12AC903850038B586 /* TrackableScrollView.swift */,
				CC5A08432AF8303400A0F514 /* ModelData.swift */,
			);
			path = Utils;
			sourceTree = "<group>";
		};
		CCB4FF342ADDA74000C1007B /* Models */ = {
			isa = PBXGroup;
			children = (
				CCB4FF352ADDA75400C1007B /* Package.swift */,
				CC5A083E2AF82E3B00A0F514 /* FAQ.swift */,
			);
			path = Models;
			sourceTree = "<group>";
		};
		CCB651C22AC8F6330038B586 = {
			isa = PBXGroup;
			children = (
				CCB651CD2AC8F6330038B586 /* SwiftUICombineAndData */,
				CCB651CC2AC8F6330038B586 /* Products */,
			);
			sourceTree = "<group>";
		};
		CCB651CC2AC8F6330038B586 /* Products */ = {
			isa = PBXGroup;
			children = (
				CCB651CB2AC8F6330038B586 /* SwiftUICombineAndData.app */,
			);
			name = Products;
			sourceTree = "<group>";
		};
		CCB651CD2AC8F6330038B586 /* SwiftUICombineAndData */ = {
			isa = PBXGroup;
			children = (
				CC5A08402AF82EA800A0F514 /* Resources */,
				CCB4FF342ADDA74000C1007B /* Models */,
				CC7D74552ACCCE11004D97D8 /* Utils */,
				CC7D74542ACCCDFF004D97D8 /* Components */,
				CC7D74512ACCCDDD004D97D8 /* Views */,
				CCB651DC2AC8F8F70038B586 /* Graphics */,
				CCB651CE2AC8F6330038B586 /* SwiftUICombineAndDataApp.swift */,
				CCB651D02AC8F6330038B586 /* ContentView.swift */,
				CCB651D22AC8F6350038B586 /* Assets.xcassets */,
				CCB651D42AC8F6350038B586 /* Preview Content */,
			);
			path = SwiftUICombineAndData;
			sourceTree = "<group>";
		};
		CCB651D42AC8F6350038B586 /* Preview Content */ = {
			isa = PBXGroup;
			children = (
				CCB651D52AC8F6350038B586 /* Preview Assets.xcassets */,
			);
			path = "Preview Content";
			sourceTree = "<group>";
		};
		CCB651DC2AC8F8F70038B586 /* Graphics */ = {
			isa = PBXGroup;
			children = (
				CCB651DD2AC8F9240038B586 /* AccountBackground.swift */,
				CCB651DE2AC8F9240038B586 /* VisualEffectBlur.swift */,
			);
			path = Graphics;
			sourceTree = "<group>";
		};
/* End PBXGroup section */

/* Begin PBXNativeTarget section */
		CCB651CA2AC8F6330038B586 /* SwiftUICombineAndData */ = {
			isa = PBXNativeTarget;
			buildConfigurationList = CCB651D92AC8F6350038B586 /* Build configuration list for PBXNativeTarget "SwiftUICombineAndData" */;
			buildPhases = (
				CCB651C72AC8F6330038B586 /* Sources */,
				CCB651C82AC8F6330038B586 /* Frameworks */,
				CCB651C92AC8F6330038B586 /* Resources */,
			);
			buildRules = (
			);
			dependencies = (
			);
			name = SwiftUICombineAndData;
			productName = SwiftUICombineAndData;
			productReference = CCB651CB2AC8F6330038B586 /* SwiftUICombineAndData.app */;
			productType = "com.apple.product-type.application";
		};
/* End PBXNativeTarget section */

/* Begin PBXProject section */
		CCB651C32AC8F6330038B586 /* Project object */ = {
			isa = PBXProject;
			attributes = {
				BuildIndependentTargetsInParallel = 1;
				LastSwiftUpdateCheck = 1420;
				LastUpgradeCheck = 1420;
				TargetAttributes = {
					CCB651CA2AC8F6330038B586 = {
						CreatedOnToolsVersion = 14.2;
					};
				};
			};
			buildConfigurationList = CCB651C62AC8F6330038B586 /* Build configuration list for PBXProject "SwiftUICombineAndData" */;
			compatibilityVersion = "Xcode 14.0";
			developmentRegion = en;
			hasScannedForEncodings = 0;
			knownRegions = (
				en,
				Base,
			);
			mainGroup = CCB651C22AC8F6330038B586;
			productRefGroup = CCB651CC2AC8F6330038B586 /* Products */;
			projectDirPath = "";
			projectRoot = "";
			targets = (
				CCB651CA2AC8F6330038B586 /* SwiftUICombineAndData */,
			);
		};
/* End PBXProject section */

/* Begin PBXResourcesBuildPhase section */
		CCB651C92AC8F6330038B586 /* Resources */ = {
			isa = PBXResourcesBuildPhase;
			buildActionMask = 2147483647;
			files = (
				CCB651D62AC8F6350038B586 /* Preview Assets.xcassets in Resources */,
				CCB651D32AC8F6350038B586 /* Assets.xcassets in Resources */,
				CC5A08422AF82ED800A0F514 /* faqData.json in Resources */,
			);
			runOnlyForDeploymentPostprocessing = 0;
		};
/* End PBXResourcesBuildPhase section */

/* Begin PBXSourcesBuildPhase section */
		CCB651C72AC8F6330038B586 /* Sources */ = {
			isa = PBXSourcesBuildPhase;
			buildActionMask = 2147483647;
			files = (
				CCB651D12AC8F6330038B586 /* ContentView.swift in Sources */,
				CC5A08462AF8331A00A0F514 /* FAQRow.swift in Sources */,
				CCB651E22AC903850038B586 /* TrackableScrollView.swift in Sources */,
				CCB651DF2AC8F9240038B586 /* AccountBackground.swift in Sources */,
				CC5A08442AF8303400A0F514 /* ModelData.swift in Sources */,
				CCB4FF3A2ADDA83100C1007B /* PackageRow.swift in Sources */,
				CC7D744E2ACCCDBE004D97D8 /* FAQView.swift in Sources */,
				CC7D74502ACCCDCE004D97D8 /* PackagesView.swift in Sources */,
				CCB651E62AC90FBF0038B586 /* GradientIcon.swift in Sources */,
				CCB4FF362ADDA75400C1007B /* Package.swift in Sources */,
				CC5A083F2AF82E3B00A0F514 /* FAQ.swift in Sources */,
				CCB651CF2AC8F6330038B586 /* SwiftUICombineAndDataApp.swift in Sources */,
				CCB651E02AC8F9240038B586 /* VisualEffectBlur.swift in Sources */,
				CCB651E42AC90E6A0038B586 /* MenuRow.swift in Sources */,
			);
			runOnlyForDeploymentPostprocessing = 0;
		};
/* End PBXSourcesBuildPhase section */

/* Begin XCBuildConfiguration section */
		CCB651D72AC8F6350038B586 /* Debug */ = {
			isa = XCBuildConfiguration;
			buildSettings = {
				ALWAYS_SEARCH_USER_PATHS = NO;
				CLANG_ANALYZER_NONNULL = YES;
				CLANG_ANALYZER_NUMBER_OBJECT_CONVERSION = YES_AGGRESSIVE;
				CLANG_CXX_LANGUAGE_STANDARD = "gnu++20";
				CLANG_ENABLE_MODULES = YES;
				CLANG_ENABLE_OBJC_ARC = YES;
				CLANG_ENABLE_OBJC_WEAK = YES;
				CLANG_WARN_BLOCK_CAPTURE_AUTORELEASING = YES;
				CLANG_WARN_BOOL_CONVERSION = YES;
				CLANG_WARN_COMMA = YES;
				CLANG_WARN_CONSTANT_CONVERSION = YES;
				CLANG_WARN_DEPRECATED_OBJC_IMPLEMENTATIONS = YES;
				CLANG_WARN_DIRECT_OBJC_ISA_USAGE = YES_ERROR;
				CLANG_WARN_DOCUMENTATION_COMMENTS = YES;
				CLANG_WARN_EMPTY_BODY = YES;
				CLANG_WARN_ENUM_CONVERSION = YES;
				CLANG_WARN_INFINITE_RECURSION = YES;
				CLANG_WARN_INT_CONVERSION = YES;
				CLANG_WARN_NON_LITERAL_NULL_CONVERSION = YES;
				CLANG_WARN_OBJC_IMPLICIT_RETAIN_SELF = YES;
				CLANG_WARN_OBJC_LITERAL_CONVERSION = YES;
				CLANG_WARN_OBJC_ROOT_CLASS = YES_ERROR;
				CLANG_WARN_QUOTED_INCLUDE_IN_FRAMEWORK_HEADER = YES;
				CLANG_WARN_RANGE_LOOP_ANALYSIS = YES;
				CLANG_WARN_STRICT_PROTOTYPES = YES;
				CLANG_WARN_SUSPICIOUS_MOVE = YES;
				CLANG_WARN_UNGUARDED_AVAILABILITY = YES_AGGRESSIVE;
				CLANG_WARN_UNREACHABLE_CODE = YES;
				CLANG_WARN__DUPLICATE_METHOD_MATCH = YES;
				COPY_PHASE_STRIP = NO;
				DEBUG_INFORMATION_FORMAT = dwarf;
				ENABLE_STRICT_OBJC_MSGSEND = YES;
				ENABLE_TESTABILITY = YES;
				GCC_C_LANGUAGE_STANDARD = gnu11;
				GCC_DYNAMIC_NO_PIC = NO;
				GCC_NO_COMMON_BLOCKS = YES;
				GCC_OPTIMIZATION_LEVEL = 0;
				GCC_PREPROCESSOR_DEFINITIONS = (
					"DEBUG=1",
					"$(inherited)",
				);
				GCC_WARN_64_TO_32_BIT_CONVERSION = YES;
				GCC_WARN_ABOUT_RETURN_TYPE = YES_ERROR;
				GCC_WARN_UNDECLARED_SELECTOR = YES;
				GCC_WARN_UNINITIALIZED_AUTOS = YES_AGGRESSIVE;
				GCC_WARN_UNUSED_FUNCTION = YES;
				GCC_WARN_UNUSED_VARIABLE = YES;
				IPHONEOS_DEPLOYMENT_TARGET = 16.2;
				MTL_ENABLE_DEBUG_INFO = INCLUDE_SOURCE;
				MTL_FAST_MATH = YES;
				ONLY_ACTIVE_ARCH = YES;
				SDKROOT = iphoneos;
				SWIFT_ACTIVE_COMPILATION_CONDITIONS = DEBUG;
				SWIFT_OPTIMIZATION_LEVEL = "-Onone";
			};
			name = Debug;
		};
		CCB651D82AC8F6350038B586 /* Release */ = {
			isa = XCBuildConfiguration;
			buildSettings = {
				ALWAYS_SEARCH_USER_PATHS = NO;
				CLANG_ANALYZER_NONNULL = YES;
				CLANG_ANALYZER_NUMBER_OBJECT_CONVERSION = YES_AGGRESSIVE;
				CLANG_CXX_LANGUAGE_STANDARD = "gnu++20";
				CLANG_ENABLE_MODULES = YES;
				CLANG_ENABLE_OBJC_ARC = YES;
				CLANG_ENABLE_OBJC_WEAK = YES;
				CLANG_WARN_BLOCK_CAPTURE_AUTORELEASING = YES;
				CLANG_WARN_BOOL_CONVERSION = YES;
				CLANG_WARN_COMMA = YES;
				CLANG_WARN_CONSTANT_CONVERSION = YES;
				CLANG_WARN_DEPRECATED_OBJC_IMPLEMENTATIONS = YES;
				CLANG_WARN_DIRECT_OBJC_ISA_USAGE = YES_ERROR;
				CLANG_WARN_DOCUMENTATION_COMMENTS = YES;
				CLANG_WARN_EMPTY_BODY = YES;
				CLANG_WARN_ENUM_CONVERSION = YES;
				CLANG_WARN_INFINITE_RECURSION = YES;
				CLANG_WARN_INT_CONVERSION = YES;
				CLANG_WARN_NON_LITERAL_NULL_CONVERSION = YES;
				CLANG_WARN_OBJC_IMPLICIT_RETAIN_SELF = YES;
				CLANG_WARN_OBJC_LITERAL_CONVERSION = YES;
				CLANG_WARN_OBJC_ROOT_CLASS = YES_ERROR;
				CLANG_WARN_QUOTED_INCLUDE_IN_FRAMEWORK_HEADER = YES;
				CLANG_WARN_RANGE_LOOP_ANALYSIS = YES;
				CLANG_WARN_STRICT_PROTOTYPES = YES;
				CLANG_WARN_SUSPICIOUS_MOVE = YES;
				CLANG_WARN_UNGUARDED_AVAILABILITY = YES_AGGRESSIVE;
				CLANG_WARN_UNREACHABLE_CODE = YES;
				CLANG_WARN__DUPLICATE_METHOD_MATCH = YES;
				COPY_PHASE_STRIP = NO;
				DEBUG_INFORMATION_FORMAT = "dwarf-with-dsym";
				ENABLE_NS_ASSERTIONS = NO;
				ENABLE_STRICT_OBJC_MSGSEND = YES;
				GCC_C_LANGUAGE_STANDARD = gnu11;
				GCC_NO_COMMON_BLOCKS = YES;
				GCC_WARN_64_TO_32_BIT_CONVERSION = YES;
				GCC_WARN_ABOUT_RETURN_TYPE = YES_ERROR;
				GCC_WARN_UNDECLARED_SELECTOR = YES;
				GCC_WARN_UNINITIALIZED_AUTOS = YES_AGGRESSIVE;
				GCC_WARN_UNUSED_FUNCTION = YES;
				GCC_WARN_UNUSED_VARIABLE = YES;
				IPHONEOS_DEPLOYMENT_TARGET = 16.2;
				MTL_ENABLE_DEBUG_INFO = NO;
				MTL_FAST_MATH = YES;
				SDKROOT = iphoneos;
				SWIFT_COMPILATION_MODE = wholemodule;
				SWIFT_OPTIMIZATION_LEVEL = "-O";
				VALIDATE_PRODUCT = YES;
			};
			name = Release;
		};
		CCB651DA2AC8F6350038B586 /* Debug */ = {
			isa = XCBuildConfiguration;
			buildSettings = {
				ASSETCATALOG_COMPILER_APPICON_NAME = AppIcon;
				ASSETCATALOG_COMPILER_GLOBAL_ACCENT_COLOR_NAME = AccentColor;
				CODE_SIGN_STYLE = Automatic;
				CURRENT_PROJECT_VERSION = 1;
				DEVELOPMENT_ASSET_PATHS = "\"SwiftUICombineAndData/Preview Content\"";
				DEVELOPMENT_TEAM = 2KS24APC82;
				ENABLE_PREVIEWS = YES;
				GENERATE_INFOPLIST_FILE = YES;
				INFOPLIST_KEY_UIApplicationSceneManifest_Generation = YES;
				INFOPLIST_KEY_UIApplicationSupportsIndirectInputEvents = YES;
				INFOPLIST_KEY_UILaunchScreen_Generation = YES;
				INFOPLIST_KEY_UISupportedInterfaceOrientations_iPad = "UIInterfaceOrientationPortrait UIInterfaceOrientationPortraitUpsideDown UIInterfaceOrientationLandscapeLeft UIInterfaceOrientationLandscapeRight";
				INFOPLIST_KEY_UISupportedInterfaceOrientations_iPhone = "UIInterfaceOrientationPortrait UIInterfaceOrientationLandscapeLeft UIInterfaceOrientationLandscapeRight";
				LD_RUNPATH_SEARCH_PATHS = (
					"$(inherited)",
					"@executable_path/Frameworks",
				);
				MARKETING_VERSION = 1.0;
				PRODUCT_BUNDLE_IDENTIFIER = gavu.SwiftUICombineAndData;
				PRODUCT_NAME = "$(TARGET_NAME)";
				SWIFT_EMIT_LOC_STRINGS = YES;
				SWIFT_VERSION = 5.0;
				TARGETED_DEVICE_FAMILY = "1,2";
			};
			name = Debug;
		};
		CCB651DB2AC8F6350038B586 /* Release */ = {
			isa = XCBuildConfiguration;
			buildSettings = {
				ASSETCATALOG_COMPILER_APPICON_NAME = AppIcon;
				ASSETCATALOG_COMPILER_GLOBAL_ACCENT_COLOR_NAME = AccentColor;
				CODE_SIGN_STYLE = Automatic;
				CURRENT_PROJECT_VERSION = 1;
				DEVELOPMENT_ASSET_PATHS = "\"SwiftUICombineAndData/Preview Content\"";
				DEVELOPMENT_TEAM = 2KS24APC82;
				ENABLE_PREVIEWS = YES;
				GENERATE_INFOPLIST_FILE = YES;
				INFOPLIST_KEY_UIApplicationSceneManifest_Generation = YES;
				INFOPLIST_KEY_UIApplicationSupportsIndirectInputEvents = YES;
				INFOPLIST_KEY_UILaunchScreen_Generation = YES;
				INFOPLIST_KEY_UISupportedInterfaceOrientations_iPad = "UIInterfaceOrientationPortrait UIInterfaceOrientationPortraitUpsideDown UIInterfaceOrientationLandscapeLeft UIInterfaceOrientationLandscapeRight";
				INFOPLIST_KEY_UISupportedInterfaceOrientations_iPhone = "UIInterfaceOrientationPortrait UIInterfaceOrientationLandscapeLeft UIInterfaceOrientationLandscapeRight";
				LD_RUNPATH_SEARCH_PATHS = (
					"$(inherited)",
					"@executable_path/Frameworks",
				);
				MARKETING_VERSION = 1.0;
				PRODUCT_BUNDLE_IDENTIFIER = gavu.SwiftUICombineAndData;
				PRODUCT_NAME = "$(TARGET_NAME)";
				SWIFT_EMIT_LOC_STRINGS = YES;
				SWIFT_VERSION = 5.0;
				TARGETED_DEVICE_FAMILY = "1,2";
			};
			name = Release;
		};
/* End XCBuildConfiguration section */

/* Begin XCConfigurationList section */
		CCB651C62AC8F6330038B586 /* Build configuration list for PBXProject "SwiftUICombineAndData" */ = {
			isa = XCConfigurationList;
			buildConfigurations = (
				CCB651D72AC8F6350038B586 /* Debug */,
				CCB651D82AC8F6350038B586 /* Release */,
			);
			defaultConfigurationIsVisible = 0;
			defaultConfigurationName = Release;
		};
		CCB651D92AC8F6350038B586 /* Build configuration list for PBXNativeTarget "SwiftUICombineAndData" */ = {
			isa = XCConfigurationList;
			buildConfigurations = (
				CCB651DA2AC8F6350038B586 /* Debug */,
				CCB651DB2AC8F6350038B586 /* Release */,
			);
			defaultConfigurationIsVisible = 0;
			defaultConfigurationName = Release;
		};
/* End XCConfigurationList section */
	};
	rootObject = CCB651C32AC8F6330038B586 /* Project object */;
}
